// !$*UTF8*$!
{
	archiveVersion = 1;
	classes = {
	};
	objectVersion = 46;
	objects = {

/* Begin PBXBuildFile section */
		38686A521D8C48A100CCDBCA /* AppDelegate.swift in Sources */ = {isa = PBXBuildFile; fileRef = 38686A511D8C48A100CCDBCA /* AppDelegate.swift */; };
		38686A541D8C48A100CCDBCA /* ViewController.swift in Sources */ = {isa = PBXBuildFile; fileRef = 38686A531D8C48A100CCDBCA /* ViewController.swift */; };
		38686A571D8C48A100CCDBCA /* Main.storyboard in Resources */ = {isa = PBXBuildFile; fileRef = 38686A551D8C48A100CCDBCA /* Main.storyboard */; };
		38686A591D8C48A100CCDBCA /* Assets.xcassets in Resources */ = {isa = PBXBuildFile; fileRef = 38686A581D8C48A100CCDBCA /* Assets.xcassets */; };
		38686A5C1D8C48A100CCDBCA /* LaunchScreen.storyboard in Resources */ = {isa = PBXBuildFile; fileRef = 38686A5A1D8C48A100CCDBCA /* LaunchScreen.storyboard */; };
		38686A671D8C48A100CCDBCA /* MemeMe1Tests.swift in Sources */ = {isa = PBXBuildFile; fileRef = 38686A661D8C48A100CCDBCA /* MemeMe1Tests.swift */; };
		38686A721D8C48A100CCDBCA /* MemeMe1UITests.swift in Sources */ = {isa = PBXBuildFile; fileRef = 38686A711D8C48A100CCDBCA /* MemeMe1UITests.swift */; };
/* End PBXBuildFile section */

/* Begin PBXContainerItemProxy section */
		38686A631D8C48A100CCDBCA /* PBXContainerItemProxy */ = {
			isa = PBXContainerItemProxy;
			containerPortal = 38686A461D8C48A100CCDBCA /* Project object */;
			proxyType = 1;
			remoteGlobalIDString = 38686A4D1D8C48A100CCDBCA;
			remoteInfo = MemeMe1;
		};
		38686A6E1D8C48A100CCDBCA /* PBXContainerItemProxy */ = {
			isa = PBXContainerItemProxy;
			containerPortal = 38686A461D8C48A100CCDBCA /* Project object */;
			proxyType = 1;
			remoteGlobalIDString = 38686A4D1D8C48A100CCDBCA;
			remoteInfo = MemeMe1;
		};
/* End PBXContainerItemProxy section */

/* Begin PBXFileReference section */
		38686A4E1D8C48A100CCDBCA /* MemeMe1.app */ = {isa = PBXFileReference; explicitFileType = wrapper.application; includeInIndex = 0; path = MemeMe1.app; sourceTree = BUILT_PRODUCTS_DIR; };
		38686A511D8C48A100CCDBCA /* AppDelegate.swift */ = {isa = PBXFileReference; lastKnownFileType = sourcecode.swift; path = AppDelegate.swift; sourceTree = "<group>"; };
		38686A531D8C48A100CCDBCA /* ViewController.swift */ = {isa = PBXFileReference; lastKnownFileType = sourcecode.swift; path = ViewController.swift; sourceTree = "<group>"; };
		38686A561D8C48A100CCDBCA /* Base */ = {isa = PBXFileReference; lastKnownFileType = file.storyboard; name = Base; path = Base.lproj/Main.storyboard; sourceTree = "<group>"; };
		38686A581D8C48A100CCDBCA /* Assets.xcassets */ = {isa = PBXFileReference; lastKnownFileType = folder.assetcatalog; path = Assets.xcassets; sourceTree = "<group>"; };
		38686A5B1D8C48A100CCDBCA /* Base */ = {isa = PBXFileReference; lastKnownFileType = file.storyboard; name = Base; path = Base.lproj/LaunchScreen.storyboard; sourceTree = "<group>"; };
		38686A5D1D8C48A100CCDBCA /* Info.plist */ = {isa = PBXFileReference; lastKnownFileType = text.plist.xml; path = Info.plist; sourceTree = "<group>"; };
		38686A621D8C48A100CCDBCA /* MemeMe1Tests.xctest */ = {isa = PBXFileReference; explicitFileType = wrapper.cfbundle; includeInIndex = 0; path = MemeMe1Tests.xctest; sourceTree = BUILT_PRODUCTS_DIR; };
		38686A661D8C48A100CCDBCA /* MemeMe1Tests.swift */ = {isa = PBXFileReference; lastKnownFileType = sourcecode.swift; path = MemeMe1Tests.swift; sourceTree = "<group>"; };
		38686A681D8C48A100CCDBCA /* Info.plist */ = {isa = PBXFileReference; lastKnownFileType = text.plist.xml; path = Info.plist; sourceTree = "<group>"; };
		38686A6D1D8C48A100CCDBCA /* MemeMe1UITests.xctest */ = {isa = PBXFileReference; explicitFileType = wrapper.cfbundle; includeInIndex = 0; path = MemeMe1UITests.xctest; sourceTree = BUILT_PRODUCTS_DIR; };
		38686A711D8C48A100CCDBCA /* MemeMe1UITests.swift */ = {isa = PBXFileReference; lastKnownFileType = sourcecode.swift; path = MemeMe1UITests.swift; sourceTree = "<group>"; };
		38686A731D8C48A100CCDBCA /* Info.plist */ = {isa = PBXFileReference; lastKnownFileType = text.plist.xml; path = Info.plist; sourceTree = "<group>"; };
/* End PBXFileReference section */

/* Begin PBXFrameworksBuildPhase section */
		38686A4B1D8C48A100CCDBCA /* Frameworks */ = {
			isa = PBXFrameworksBuildPhase;
			buildActionMask = 2147483647;
			files = (
			);
			runOnlyForDeploymentPostprocessing = 0;
		};
		38686A5F1D8C48A100CCDBCA /* Frameworks */ = {
			isa = PBXFrameworksBuildPhase;
			buildActionMask = 2147483647;
			files = (
			);
			runOnlyForDeploymentPostprocessing = 0;
		};
		38686A6A1D8C48A100CCDBCA /* Frameworks */ = {
			isa = PBXFrameworksBuildPhase;
			buildActionMask = 2147483647;
			files = (
			);
			runOnlyForDeploymentPostprocessing = 0;
		};
/* End PBXFrameworksBuildPhase section */

/* Begin PBXGroup section */
		38686A451D8C48A100CCDBCA = {
			isa = PBXGroup;
			children = (
				38686A501D8C48A100CCDBCA /* MemeMe1 */,
				38686A651D8C48A100CCDBCA /* MemeMe1Tests */,
				38686A701D8C48A100CCDBCA /* MemeMe1UITests */,
				38686A4F1D8C48A100CCDBCA /* Products */,
			);
			sourceTree = "<group>";
		};
		38686A4F1D8C48A100CCDBCA /* Products */ = {
			isa = PBXGroup;
			children = (
				38686A4E1D8C48A100CCDBCA /* MemeMe1.app */,
				38686A621D8C48A100CCDBCA /* MemeMe1Tests.xctest */,
				38686A6D1D8C48A100CCDBCA /* MemeMe1UITests.xctest */,
			);
			name = Products;
			sourceTree = "<group>";
		};
		38686A501D8C48A100CCDBCA /* MemeMe1 */ = {
			isa = PBXGroup;
			children = (
				38686A511D8C48A100CCDBCA /* AppDelegate.swift */,
				38686A531D8C48A100CCDBCA /* ViewController.swift */,
				38686A551D8C48A100CCDBCA /* Main.storyboard */,
				38686A581D8C48A100CCDBCA /* Assets.xcassets */,
				38686A5A1D8C48A100CCDBCA /* LaunchScreen.storyboard */,
				38686A5D1D8C48A100CCDBCA /* Info.plist */,
			);
			path = MemeMe1;
			sourceTree = "<group>";
		};
		38686A651D8C48A100CCDBCA /* MemeMe1Tests */ = {
			isa = PBXGroup;
			children = (
				38686A661D8C48A100CCDBCA /* MemeMe1Tests.swift */,
				38686A681D8C48A100CCDBCA /* Info.plist */,
			);
			path = MemeMe1Tests;
			sourceTree = "<group>";
		};
		38686A701D8C48A100CCDBCA /* MemeMe1UITests */ = {
			isa = PBXGroup;
			children = (
				38686A711D8C48A100CCDBCA /* MemeMe1UITests.swift */,
				38686A731D8C48A100CCDBCA /* Info.plist */,
			);
			path = MemeMe1UITests;
			sourceTree = "<group>";
		};
/* End PBXGroup section */

/* Begin PBXNativeTarget section */
		38686A4D1D8C48A100CCDBCA /* MemeMe1 */ = {
			isa = PBXNativeTarget;
			buildConfigurationList = 38686A761D8C48A100CCDBCA /* Build configuration list for PBXNativeTarget "MemeMe1" */;
			buildPhases = (
				38686A4A1D8C48A100CCDBCA /* Sources */,
				38686A4B1D8C48A100CCDBCA /* Frameworks */,
				38686A4C1D8C48A100CCDBCA /* Resources */,
			);
			buildRules = (
			);
			dependencies = (
			);
			name = MemeMe1;
			productName = MemeMe1;
			productReference = 38686A4E1D8C48A100CCDBCA /* MemeMe1.app */;
			productType = "com.apple.product-type.application";
		};
		38686A611D8C48A100CCDBCA /* MemeMe1Tests */ = {
			isa = PBXNativeTarget;
			buildConfigurationList = 38686A791D8C48A100CCDBCA /* Build configuration list for PBXNativeTarget "MemeMe1Tests" */;
			buildPhases = (
				38686A5E1D8C48A100CCDBCA /* Sources */,
				38686A5F1D8C48A100CCDBCA /* Frameworks */,
				38686A601D8C48A100CCDBCA /* Resources */,
			);
			buildRules = (
			);
			dependencies = (
				38686A641D8C48A100CCDBCA /* PBXTargetDependency */,
			);
			name = MemeMe1Tests;
			productName = MemeMe1Tests;
			productReference = 38686A621D8C48A100CCDBCA /* MemeMe1Tests.xctest */;
			productType = "com.apple.product-type.bundle.unit-test";
		};
		38686A6C1D8C48A100CCDBCA /* MemeMe1UITests */ = {
			isa = PBXNativeTarget;
			buildConfigurationList = 38686A7C1D8C48A100CCDBCA /* Build configuration list for PBXNativeTarget "MemeMe1UITests" */;
			buildPhases = (
				38686A691D8C48A100CCDBCA /* Sources */,
				38686A6A1D8C48A100CCDBCA /* Frameworks */,
				38686A6B1D8C48A100CCDBCA /* Resources */,
			);
			buildRules = (
			);
			dependencies = (
				38686A6F1D8C48A100CCDBCA /* PBXTargetDependency */,
			);
			name = MemeMe1UITests;
			productName = MemeMe1UITests;
			productReference = 38686A6D1D8C48A100CCDBCA /* MemeMe1UITests.xctest */;
			productType = "com.apple.product-type.bundle.ui-testing";
		};
/* End PBXNativeTarget section */

/* Begin PBXProject section */
		38686A461D8C48A100CCDBCA /* Project object */ = {
			isa = PBXProject;
			attributes = {
				LastSwiftUpdateCheck = 0730;
				LastUpgradeCheck = 0730;
				ORGANIZATIONNAME = "Christine Chang";
				TargetAttributes = {
					38686A4D1D8C48A100CCDBCA = {
						CreatedOnToolsVersion = 7.3.1;
					};
					38686A611D8C48A100CCDBCA = {
						CreatedOnToolsVersion = 7.3.1;
						TestTargetID = 38686A4D1D8C48A100CCDBCA;
					};
					38686A6C1D8C48A100CCDBCA = {
						CreatedOnToolsVersion = 7.3.1;
						TestTargetID = 38686A4D1D8C48A100CCDBCA;
					};
				};
			};
			buildConfigurationList = 38686A491D8C48A100CCDBCA /* Build configuration list for PBXProject "MemeMe1" */;
			compatibilityVersion = "Xcode 3.2";
			developmentRegion = English;
			hasScannedForEncodings = 0;
			knownRegions = (
				en,
				Base,
			);
			mainGroup = 38686A451D8C48A100CCDBCA;
			productRefGroup = 38686A4F1D8C48A100CCDBCA /* Products */;
			projectDirPath = "";
			projectRoot = "";
			targets = (
				38686A4D1D8C48A100CCDBCA /* MemeMe1 */,
				38686A611D8C48A100CCDBCA /* MemeMe1Tests */,
				38686A6C1D8C48A100CCDBCA /* MemeMe1UITests */,
			);
		};
/* End PBXProject section */

/* Begin PBXResourcesBuildPhase section */
		38686A4C1D8C48A100CCDBCA /* Resources */ = {
			isa = PBXResourcesBuildPhase;
			buildActionMask = 2147483647;
			files = (
				38686A5C1D8C48A100CCDBCA /* LaunchScreen.storyboard in Resources */,
				38686A591D8C48A100CCDBCA /* Assets.xcassets in Resources */,
				38686A571D8C48A100CCDBCA /* Main.storyboard in Resources */,
			);
			runOnlyForDeploymentPostprocessing = 0;
		};
		38686A601D8C48A100CCDBCA /* Resources */ = {
			isa = PBXResourcesBuildPhase;
			buildActionMask = 2147483647;
			files = (
			);
			runOnlyForDeploymentPostprocessing = 0;
		};
		38686A6B1D8C48A100CCDBCA /* Resources */ = {
			isa = PBXResourcesBuildPhase;
			buildActionMask = 2147483647;
			files = (
			);
			runOnlyForDeploymentPostprocessing = 0;
		};
/* End PBXResourcesBuildPhase section */

/* Begin PBXSourcesBuildPhase section */
		38686A4A1D8C48A100CCDBCA /* Sources */ = {
			isa = PBXSourcesBuildPhase;
			buildActionMask = 2147483647;
			files = (
				38686A541D8C48A100CCDBCA /* ViewController.swift in Sources */,
				38686A521D8C48A100CCDBCA /* AppDelegate.swift in Sources */,
			);
			runOnlyForDeploymentPostprocessing = 0;
		};
		38686A5E1D8C48A100CCDBCA /* Sources */ = {
			isa = PBXSourcesBuildPhase;
			buildActionMask = 2147483647;
			files = (
				38686A671D8C48A100CCDBCA /* MemeMe1Tests.swift in Sources */,
			);
			runOnlyForDeploymentPostprocessing = 0;
		};
		38686A691D8C48A100CCDBCA /* Sources */ = {
			isa = PBXSourcesBuildPhase;
			buildActionMask = 2147483647;
			files = (
				38686A721D8C48A100CCDBCA /* MemeMe1UITests.swift in Sources */,
			);
			runOnlyForDeploymentPostprocessing = 0;
		};
/* End PBXSourcesBuildPhase section */

/* Begin PBXTargetDependency section */
		38686A641D8C48A100CCDBCA /* PBXTargetDependency */ = {
			isa = PBXTargetDependency;
			target = 38686A4D1D8C48A100CCDBCA /* MemeMe1 */;
			targetProxy = 38686A631D8C48A100CCDBCA /* PBXContainerItemProxy */;
		};
		38686A6F1D8C48A100CCDBCA /* PBXTargetDependency */ = {
			isa = PBXTargetDependency;
			target = 38686A4D1D8C48A100CCDBCA /* MemeMe1 */;
			targetProxy = 38686A6E1D8C48A100CCDBCA /* PBXContainerItemProxy */;
		};
/* End PBXTargetDependency section */

/* Begin PBXVariantGroup section */
		38686A551D8C48A100CCDBCA /* Main.storyboard */ = {
			isa = PBXVariantGroup;
			children = (
				38686A561D8C48A100CCDBCA /* Base */,
			);
			name = Main.storyboard;
			sourceTree = "<group>";
		};
		38686A5A1D8C48A100CCDBCA /* LaunchScreen.storyboard */ = {
			isa = PBXVariantGroup;
			children = (
				38686A5B1D8C48A100CCDBCA /* Base */,
			);
			name = LaunchScreen.storyboard;
			sourceTree = "<group>";
		};
/* End PBXVariantGroup section */

/* Begin XCBuildConfiguration section */
		38686A741D8C48A100CCDBCA /* Debug */ = {
			isa = XCBuildConfiguration;
			buildSettings = {
				ALWAYS_SEARCH_USER_PATHS = NO;
				CLANG_ANALYZER_NONNULL = YES;
				CLANG_CXX_LANGUAGE_STANDARD = "gnu++0x";
				CLANG_CXX_LIBRARY = "libc++";
				CLANG_ENABLE_MODULES = YES;
				CLANG_ENABLE_OBJC_ARC = YES;
				CLANG_WARN_BOOL_CONVERSION = YES;
				CLANG_WARN_CONSTANT_CONVERSION = YES;
				CLANG_WARN_DIRECT_OBJC_ISA_USAGE = YES_ERROR;
				CLANG_WARN_EMPTY_BODY = YES;
				CLANG_WARN_ENUM_CONVERSION = YES;
				CLANG_WARN_INT_CONVERSION = YES;
				CLANG_WARN_OBJC_ROOT_CLASS = YES_ERROR;
				CLANG_WARN_UNREACHABLE_CODE = YES;
				CLANG_WARN__DUPLICATE_METHOD_MATCH = YES;
				"CODE_SIGN_IDENTITY[sdk=iphoneos*]" = "iPhone Developer";
				COPY_PHASE_STRIP = NO;
				DEBUG_INFORMATION_FORMAT = dwarf;
				ENABLE_STRICT_OBJC_MSGSEND = YES;
				ENABLE_TESTABILITY = YES;
				GCC_C_LANGUAGE_STANDARD = gnu99;
				GCC_DYNAMIC_NO_PIC = NO;
				GCC_NO_COMMON_BLOCKS = YES;
				GCC_OPTIMIZATION_LEVEL = 0;
				GCC_PREPROCESSOR_DEFINITIONS = (
					"DEBUG=1",
					"$(inherited)",
				);
				GCC_WARN_64_TO_32_BIT_CONVERSION = YES;
				GCC_WARN_ABOUT_RETURN_TYPE = YES_ERROR;
				GCC_WARN_UNDECLARED_SELECTOR = YES;
				GCC_WARN_UNINITIALIZED_AUTOS = YES_AGGRESSIVE;
				GCC_WARN_UNUSED_FUNCTION = YES;
				GCC_WARN_UNUSED_VARIABLE = YES;
				IPHONEOS_DEPLOYMENT_TARGET = 9.3;
				MTL_ENABLE_DEBUG_INFO = YES;
				ONLY_ACTIVE_ARCH = YES;
				SDKROOT = iphoneos;
				SWIFT_OPTIMIZATION_LEVEL = "-Onone";
				TARGETED_DEVICE_FAMILY = "1,2";
			};
			name = Debug;
		};
		38686A751D8C48A100CCDBCA /* Release */ = {
			isa = XCBuildConfiguration;
			buildSettings = {
				ALWAYS_SEARCH_USER_PATHS = NO;
				CLANG_ANALYZER_NONNULL = YES;
				CLANG_CXX_LANGUAGE_STANDARD = "gnu++0x";
				CLANG_CXX_LIBRARY = "libc++";
				CLANG_ENABLE_MODULES = YES;
				CLANG_ENABLE_OBJC_ARC = YES;
				CLANG_WARN_BOOL_CONVERSION = YES;
				CLANG_WARN_CONSTANT_CONVERSION = YES;
				CLANG_WARN_DIRECT_OBJC_ISA_USAGE = YES_ERROR;
				CLANG_WARN_EMPTY_BODY = YES;
				CLANG_WARN_ENUM_CONVERSION = YES;
				CLANG_WARN_INT_CONVERSION = YES;
				CLANG_WARN_OBJC_ROOT_CLASS = YES_ERROR;
				CLANG_WARN_UNREACHABLE_CODE = YES;
				CLANG_WARN__DUPLICATE_METHOD_MATCH = YES;
				"CODE_SIGN_IDENTITY[sdk=iphoneos*]" = "iPhone Developer";
				COPY_PHASE_STRIP = NO;
				DEBUG_INFORMATION_FORMAT = "dwarf-with-dsym";
				ENABLE_NS_ASSERTIONS = NO;
				ENABLE_STRICT_OBJC_MSGSEND = YES;
				GCC_C_LANGUAGE_STANDARD = gnu99;
				GCC_NO_COMMON_BLOCKS = YES;
				GCC_WARN_64_TO_32_BIT_CONVERSION = YES;
				GCC_WARN_ABOUT_RETURN_TYPE = YES_ERROR;
				GCC_WARN_UNDECLARED_SELECTOR = YES;
				GCC_WARN_UNINITIALIZED_AUTOS = YES_AGGRESSIVE;
				GCC_WARN_UNUSED_FUNCTION = YES;
				GCC_WARN_UNUSED_VARIABLE = YES;
				IPHONEOS_DEPLOYMENT_TARGET = 9.3;
				MTL_ENABLE_DEBUG_INFO = NO;
				SDKROOT = iphoneos;
				TARGETED_DEVICE_FAMILY = "1,2";
				VALIDATE_PRODUCT = YES;
			};
			name = Release;
		};
		38686A771D8C48A100CCDBCA /* Debug */ = {
			isa = XCBuildConfiguration;
			buildSettings = {
				ASSETCATALOG_COMPILER_APPICON_NAME = AppIcon;
				INFOPLIST_FILE = MemeMe1/Info.plist;
				LD_RUNPATH_SEARCH_PATHS = "$(inherited) @executable_path/Frameworks";
				PRODUCT_BUNDLE_IDENTIFIER = com.MemeMe1;
				PRODUCT_NAME = "$(TARGET_NAME)";
			};
			name = Debug;
		};
		38686A781D8C48A100CCDBCA /* Release */ = {
			isa = XCBuildConfiguration;
			buildSettings = {
				ASSETCATALOG_COMPILER_APPICON_NAME = AppIcon;
				INFOPLIST_FILE = MemeMe1/Info.plist;
				LD_RUNPATH_SEARCH_PATHS = "$(inherited) @executable_path/Frameworks";
				PRODUCT_BUNDLE_IDENTIFIER = com.MemeMe1;
				PRODUCT_NAME = "$(TARGET_NAME)";
			};
			name = Release;
		};
		38686A7A1D8C48A100CCDBCA /* Debug */ = {
			isa = XCBuildConfiguration;
			buildSettings = {
				BUNDLE_LOADER = "$(TEST_HOST)";
				INFOPLIST_FILE = MemeMe1Tests/Info.plist;
				LD_RUNPATH_SEARCH_PATHS = "$(inherited) @executable_path/Frameworks @loader_path/Frameworks";
				PRODUCT_BUNDLE_IDENTIFIER = com.MemeMe1Tests;
				PRODUCT_NAME = "$(TARGET_NAME)";
				TEST_HOST = "$(BUILT_PRODUCTS_DIR)/MemeMe1.app/MemeMe1";
			};
			name = Debug;
		};
		38686A7B1D8C48A100CCDBCA /* Release */ = {
			isa = XCBuildConfiguration;
			buildSettings = {
				BUNDLE_LOADER = "$(TEST_HOST)";
				INFOPLIST_FILE = MemeMe1Tests/Info.plist;
				LD_RUNPATH_SEARCH_PATHS = "$(inherited) @executable_path/Frameworks @loader_path/Frameworks";
				PRODUCT_BUNDLE_IDENTIFIER = com.MemeMe1Tests;
				PRODUCT_NAME = "$(TARGET_NAME)";
				TEST_HOST = "$(BUILT_PRODUCTS_DIR)/MemeMe1.app/MemeMe1";
			};
			name = Release;
		};
		38686A7D1D8C48A100CCDBCA /* Debug */ = {
			isa = XCBuildConfiguration;
			buildSettings = {
				INFOPLIST_FILE = MemeMe1UITests/Info.plist;
				LD_RUNPATH_SEARCH_PATHS = "$(inherited) @executable_path/Frameworks @loader_path/Frameworks";
				PRODUCT_BUNDLE_IDENTIFIER = com.MemeMe1UITests;
				PRODUCT_NAME = "$(TARGET_NAME)";
				TEST_TARGET_NAME = MemeMe1;
			};
			name = Debug;
		};
		38686A7E1D8C48A100CCDBCA /* Release */ = {
			isa = XCBuildConfiguration;
			buildSettings = {
				INFOPLIST_FILE = MemeMe1UITests/Info.plist;
				LD_RUNPATH_SEARCH_PATHS = "$(inherited) @executable_path/Frameworks @loader_path/Frameworks";
				PRODUCT_BUNDLE_IDENTIFIER = com.MemeMe1UITests;
				PRODUCT_NAME = "$(TARGET_NAME)";
				TEST_TARGET_NAME = MemeMe1;
			};
			name = Release;
		};
/* End XCBuildConfiguration section */

/* Begin XCConfigurationList section */
		38686A491D8C48A100CCDBCA /* Build configuration list for PBXProject "MemeMe1" */ = {
			isa = XCConfigurationList;
			buildConfigurations = (
				38686A741D8C48A100CCDBCA /* Debug */,
				38686A751D8C48A100CCDBCA /* Release */,
			);
			defaultConfigurationIsVisible = 0;
			defaultConfigurationName = Release;
		};
		38686A761D8C48A100CCDBCA /* Build configuration list for PBXNativeTarget "MemeMe1" */ = {
			isa = XCConfigurationList;
			buildConfigurations = (
				38686A771D8C48A100CCDBCA /* Debug */,
				38686A781D8C48A100CCDBCA /* Release */,
			);
			defaultConfigurationIsVisible = 0;
		};
		38686A791D8C48A100CCDBCA /* Build configuration list for PBXNativeTarget "MemeMe1Tests" */ = {
			isa = XCConfigurationList;
			buildConfigurations = (
				38686A7A1D8C48A100CCDBCA /* Debug */,
				38686A7B1D8C48A100CCDBCA /* Release */,
			);
			defaultConfigurationIsVisible = 0;
		};
		38686A7C1D8C48A100CCDBCA /* Build configuration list for PBXNativeTarget "MemeMe1UITests" */ = {
			isa = XCConfigurationList;
			buildConfigurations = (
				38686A7D1D8C48A100CCDBCA /* Debug */,
				38686A7E1D8C48A100CCDBCA /* Release */,
			);
			defaultConfigurationIsVisible = 0;
		};
/* End XCConfigurationList section */
	};
	rootObject = 38686A461D8C48A100CCDBCA /* Project object */;
}
